
Microsoft Visual Studio Solution File, Format Version 12.00
# Visual Studio Version 16
VisualStudioVersion = 25.0.1706.11
MinimumVisualStudioVersion = 10.0.40219.1
Project("{FAE04EC0-301F-11D3-BF4B-00C04F79EFBC}") = "Assign3", "Assign3.csproj", "{9EEEB1D5-949F-45ED-9087-6FC422B3E9F8}"
EndProject
Global
	GlobalSection(SolutionConfigurationPlatforms) = preSolution
		Debug|Any CPU = Debug|Any CPU
		Release|Any CPU = Release|Any CPU
	EndGlobalSection
	GlobalSection(ProjectConfigurationPlatforms) = postSolution
		{9EEEB1D5-949F-45ED-9087-6FC422B3E9F8}.Debug|Any CPU.ActiveCfg = Debug|Any CPU
		{9EEEB1D5-949F-45ED-9087-6FC422B3E9F8}.Debug|Any CPU.Build.0 = Debug|Any CPU
		{9EEEB1D5-949F-45ED-9087-6FC422B3E9F8}.Release|Any CPU.ActiveCfg = Release|Any CPU
		{9EEEB1D5-949F-45ED-9087-6FC422B3E9F8}.Release|Any CPU.Build.0 = Release|Any CPU
	EndGlobalSection
	GlobalSection(SolutionProperties) = preSolution
		HideSolutionNode = FALSE
	EndGlobalSection
	GlobalSection(ExtensibilityGlobals) = postSolution
		SolutionGuid = {3E69BA76-E3FB-4A81-A0B1-7E009F8E249F}
	EndGlobalSection
EndGlobal
